
Microsoft Visual Studio Solution File, Format Version 12.00
# Visual Studio Version 16
VisualStudioVersion = 16.0.31729.503
MinimumVisualStudioVersion = 10.0.40219.1
Project("{FAE04EC0-301F-11D3-BF4B-00C04F79EFBC}") = "Hexagon", "Hexagon.csproj", "{23260B57-14EB-46F8-8B9E-3756BE4C2C62}"
EndProject
Global
	GlobalSection(SolutionConfigurationPlatforms) = preSolution
		Debug|Any CPU = Debug|Any CPU
		Release|Any CPU = Release|Any CPU
	EndGlobalSection
	GlobalSection(ProjectConfigurationPlatforms) = postSolution
		{23260B57-14EB-46F8-8B9E-3756BE4C2C62}.Debug|Any CPU.ActiveCfg = Debug|Any CPU
		{23260B57-14EB-46F8-8B9E-3756BE4C2C62}.Debug|Any CPU.Build.0 = Debug|Any CPU
		{23260B57-14EB-46F8-8B9E-3756BE4C2C62}.Release|Any CPU.ActiveCfg = Release|Any CPU
		{23260B57-14EB-46F8-8B9E-3756BE4C2C62}.Release|Any CPU.Build.0 = Release|Any CPU
	EndGlobalSection
	GlobalSection(SolutionProperties) = preSolution
		HideSolutionNode = FALSE
	EndGlobalSection
	GlobalSection(ExtensibilityGlobals) = postSolution
		SolutionGuid = {0E991972-890D-4C8C-A54B-077EFADEB917}
	EndGlobalSection
EndGlobal
